{
  "requires": true,
  "lockfileVersion": 1,
  "dependencies": {
    "ajax": {
      "version": "0.0.4",
      "resolved": "https://registry.npmjs.org/ajax/-/ajax-0.0.4.tgz",
      "integrity": "sha1-tvTOi9WQ9fS6Lc/eEd54nyCfJCM=",
      "requires": {
        "underscore": "^1.9.1"
      }
    },
    "push.js": {
      "version": "1.0.9",
      "resolved": "https://registry.npmjs.org/push.js/-/push.js-1.0.9.tgz",
      "integrity": "sha512-VpOfRUWoiRVuKSjNWxJx+4d6bLCK8U+mId7kwQ8k4F66UVTC93oycI539A3Ve5ghx3CGpHxNyf/NVAwqeg4Clw=="
    },
    "underscore": {
      "version": "1.9.1",
      "resolved": "https://registry.npmjs.org/underscore/-/underscore-1.9.1.tgz",
      "integrity": "sha512-5/4etnCkd9c8gwgowi5/om/mYO5ajCaOgdzj/oW+0eQV9WxKBDZw5+ycmKmeaTXjInS/W0BzpGLo2xR2aBwZdg=="
    }
  }
}
